
Microsoft Visual Studio Solution File, Format Version 12.00
# Visual Studio Version 16
VisualStudioVersion = 16.0.32407.337
MinimumVisualStudioVersion = 10.0.40219.1
Project("{FAE04EC0-301F-11D3-BF4B-00C04F79EFBC}") = "MemoEngineCore", "MemoEngineCore\MemoEngineCore.csproj", "{B70E0BB4-7C70-416B-8938-7AB0C030F263}"
EndProject
Global
	GlobalSection(SolutionConfigurationPlatforms) = preSolution
		Debug|Any CPU = Debug|Any CPU
		Release|Any CPU = Release|Any CPU
	EndGlobalSection
	GlobalSection(ProjectConfigurationPlatforms) = postSolution
		{B70E0BB4-7C70-416B-8938-7AB0C030F263}.Debug|Any CPU.ActiveCfg = Debug|Any CPU
		{B70E0BB4-7C70-416B-8938-7AB0C030F263}.Debug|Any CPU.Build.0 = Debug|Any CPU
		{B70E0BB4-7C70-416B-8938-7AB0C030F263}.Release|Any CPU.ActiveCfg = Release|Any CPU
		{B70E0BB4-7C70-416B-8938-7AB0C030F263}.Release|Any CPU.Build.0 = Release|Any CPU
	EndGlobalSection
	GlobalSection(SolutionProperties) = preSolution
		HideSolutionNode = FALSE
	EndGlobalSection
	GlobalSection(ExtensibilityGlobals) = postSolution
		SolutionGuid = {C54286DB-440A-4908-B2E7-69DDA9E3B5A7}
	EndGlobalSection
EndGlobal
